{
  "lockfileVersion": 1,
  "workspaces": {
    "": {
      "name": "tauri-plugin-google-auth-api",
      "dependencies": {
        "@tauri-apps/api": "^2.0.0",
      },
      "devDependencies": {
        "@rollup/plugin-typescript": "^12.0.0",
        "@tauri-apps/cli": "^2.8.1",
        "prettier": "3.6.2",
        "rollup": "^4.48.1",
        "tslib": "^2.6.2",
        "typescript": "^5.3.3",
      },
    },
  },
  "packages": {
    "@rollup/plugin-typescript": ["@rollup/plugin-typescript@12.3.0", "", { "dependencies": { "@rollup/pluginutils": "5.3.0", "resolve": "1.22.11" }, "optionalDependencies": { "rollup": "4.53.1", "tslib": "2.8.1" }, "peerDependencies": { "typescript": "5.9.3" } }, "sha512-7DP0/p7y3t67+NabT9f8oTBFE6gGkto4SA6Np2oudYmZE/m1dt8RB0SjL1msMxFpLo631qjRCcBlAbq1ml/Big=="],

    "@rollup/pluginutils": ["@rollup/pluginutils@5.3.0", "", { "dependencies": { "@types/estree": "1.0.8", "estree-walker": "2.0.2", "picomatch": "4.0.3" }, "optionalDependencies": { "rollup": "4.53.1" } }, "sha512-5EdhGZtnu3V88ces7s53hhfK5KSASnJZv8Lulpc04cWO3REESroJXg73DFsOmgbU2BhwV0E20bu2IDZb3VKW4Q=="],

    "@rollup/rollup-android-arm-eabi": ["@rollup/rollup-android-arm-eabi@4.53.1", "", { "os": "android", "cpu": "arm" }, "sha512-bxZtughE4VNVJlL1RdoSE545kc4JxL7op57KKoi59/gwuU5rV6jLWFXXc8jwgFoT6vtj+ZjO+Z2C5nrY0Cl6wA=="],

    "@rollup/rollup-android-arm64": ["@rollup/rollup-android-arm64@4.53.1", "", { "os": "android", "cpu": "arm64" }, "sha512-44a1hreb02cAAfAKmZfXVercPFaDjqXCK+iKeVOlJ9ltvnO6QqsBHgKVPTu+MJHSLLeMEUbeG2qiDYgbFPU48g=="],

    "@rollup/rollup-darwin-arm64": ["@rollup/rollup-darwin-arm64@4.53.1", "", { "os": "darwin", "cpu": "arm64" }, "sha512-usmzIgD0rf1syoOZ2WZvy8YpXK5G1V3btm3QZddoGSa6mOgfXWkkv+642bfUUldomgrbiLQGrPryb7DXLovPWQ=="],

    "@rollup/rollup-darwin-x64": ["@rollup/rollup-darwin-x64@4.53.1", "", { "os": "darwin", "cpu": "x64" }, "sha512-is3r/k4vig2Gt8mKtTlzzyaSQ+hd87kDxiN3uDSDwggJLUV56Umli6OoL+/YZa/KvtdrdyNfMKHzL/P4siOOmg=="],

    "@rollup/rollup-freebsd-arm64": ["@rollup/rollup-freebsd-arm64@4.53.1", "", { "os": "freebsd", "cpu": "arm64" }, "sha512-QJ1ksgp/bDJkZB4daldVmHaEQkG4r8PUXitCOC2WRmRaSaHx5RwPoI3DHVfXKwDkB+Sk6auFI/+JHacTekPRSw=="],

    "@rollup/rollup-freebsd-x64": ["@rollup/rollup-freebsd-x64@4.53.1", "", { "os": "freebsd", "cpu": "x64" }, "sha512-J6ma5xgAzvqsnU6a0+jgGX/gvoGokqpkx6zY4cWizRrm0ffhHDpJKQgC8dtDb3+MqfZDIqs64REbfHDMzxLMqQ=="],

    "@rollup/rollup-linux-arm-gnueabihf": ["@rollup/rollup-linux-arm-gnueabihf@4.53.1", "", { "os": "linux", "cpu": "arm" }, "sha512-JzWRR41o2U3/KMNKRuZNsDUAcAVUYhsPuMlx5RUldw0E4lvSIXFUwejtYz1HJXohUmqs/M6BBJAUBzKXZVddbg=="],

    "@rollup/rollup-linux-arm-musleabihf": ["@rollup/rollup-linux-arm-musleabihf@4.53.1", "", { "os": "linux", "cpu": "arm" }, "sha512-L8kRIrnfMrEoHLHtHn+4uYA52fiLDEDyezgxZtGUTiII/yb04Krq+vk3P2Try+Vya9LeCE9ZHU8CXD6J9EhzHQ=="],

    "@rollup/rollup-linux-arm64-gnu": ["@rollup/rollup-linux-arm64-gnu@4.53.1", "", { "os": "linux", "cpu": "arm64" }, "sha512-ysAc0MFRV+WtQ8li8hi3EoFi7us6d1UzaS/+Dp7FYZfg3NdDljGMoVyiIp6Ucz7uhlYDBZ/zt6XI0YEZbUO11Q=="],

    "@rollup/rollup-linux-arm64-musl": ["@rollup/rollup-linux-arm64-musl@4.53.1", "", { "os": "linux", "cpu": "arm64" }, "sha512-UV6l9MJpDbDZZ/fJvqNcvO1PcivGEf1AvKuTcHoLjVZVFeAMygnamCTDikCVMRnA+qJe+B3pSbgX2+lBMqgBhA=="],

    "@rollup/rollup-linux-loong64-gnu": ["@rollup/rollup-linux-loong64-gnu@4.53.1", "", { "os": "linux", "cpu": "none" }, "sha512-UDUtelEprkA85g95Q+nj3Xf0M4hHa4DiJ+3P3h4BuGliY4NReYYqwlc0Y8ICLjN4+uIgCEvaygYlpf0hUj90Yg=="],

    "@rollup/rollup-linux-ppc64-gnu": ["@rollup/rollup-linux-ppc64-gnu@4.53.1", "", { "os": "linux", "cpu": "ppc64" }, "sha512-vrRn+BYhEtNOte/zbc2wAUQReJXxEx2URfTol6OEfY2zFEUK92pkFBSXRylDM7aHi+YqEPJt9/ABYzmcrS4SgQ=="],

    "@rollup/rollup-linux-riscv64-gnu": ["@rollup/rollup-linux-riscv64-gnu@4.53.1", "", { "os": "linux", "cpu": "none" }, "sha512-gto/1CxHyi4A7YqZZNznQYrVlPSaodOBPKM+6xcDSCMVZN/Fzb4K+AIkNz/1yAYz9h3Ng+e2fY9H6bgawVq17w=="],

    "@rollup/rollup-linux-riscv64-musl": ["@rollup/rollup-linux-riscv64-musl@4.53.1", "", { "os": "linux", "cpu": "none" }, "sha512-KZ6Vx7jAw3aLNjFR8eYVcQVdFa/cvBzDNRFM3z7XhNNunWjA03eUrEwJYPk0G8V7Gs08IThFKcAPS4WY/ybIrQ=="],

    "@rollup/rollup-linux-s390x-gnu": ["@rollup/rollup-linux-s390x-gnu@4.53.1", "", { "os": "linux", "cpu": "s390x" }, "sha512-HvEixy2s/rWNgpwyKpXJcHmE7om1M89hxBTBi9Fs6zVuLU4gOrEMQNbNsN/tBVIMbLyysz/iwNiGtMOpLAOlvA=="],

    "@rollup/rollup-linux-x64-gnu": ["@rollup/rollup-linux-x64-gnu@4.53.1", "", { "os": "linux", "cpu": "x64" }, "sha512-E/n8x2MSjAQgjj9IixO4UeEUeqXLtiA7pyoXCFYLuXpBA/t2hnbIdxHfA7kK9BFsYAoNU4st1rHYdldl8dTqGA=="],

    "@rollup/rollup-linux-x64-musl": ["@rollup/rollup-linux-x64-musl@4.53.1", "", { "os": "linux", "cpu": "x64" }, "sha512-IhJ087PbLOQXCN6Ui/3FUkI9pWNZe/Z7rEIVOzMsOs1/HSAECCvSZ7PkIbkNqL/AZn6WbZvnoVZw/qwqYMo4/w=="],

    "@rollup/rollup-openharmony-arm64": ["@rollup/rollup-openharmony-arm64@4.53.1", "", { "os": "none", "cpu": "arm64" }, "sha512-0++oPNgLJHBblreu0SFM7b3mAsBJBTY0Ksrmu9N6ZVrPiTkRgda52mWR7TKhHAsUb9noCjFvAw9l6ZO1yzaVbA=="],

    "@rollup/rollup-win32-arm64-msvc": ["@rollup/rollup-win32-arm64-msvc@4.53.1", "", { "os": "win32", "cpu": "arm64" }, "sha512-VJXivz61c5uVdbmitLkDlbcTk9Or43YC2QVLRkqp86QoeFSqI81bNgjhttqhKNMKnQMWnecOCm7lZz4s+WLGpQ=="],

    "@rollup/rollup-win32-ia32-msvc": ["@rollup/rollup-win32-ia32-msvc@4.53.1", "", { "os": "win32", "cpu": "ia32" }, "sha512-NmZPVTUOitCXUH6erJDzTQ/jotYw4CnkMDjCYRxNHVD9bNyfrGoIse684F9okwzKCV4AIHRbUkeTBc9F2OOH5Q=="],

    "@rollup/rollup-win32-x64-gnu": ["@rollup/rollup-win32-x64-gnu@4.53.1", "", { "os": "win32", "cpu": "x64" }, "sha512-2SNj7COIdAf6yliSpLdLG8BEsp5lgzRehgfkP0Av8zKfQFKku6JcvbobvHASPJu4f3BFxej5g+HuQPvqPhHvpQ=="],

    "@rollup/rollup-win32-x64-msvc": ["@rollup/rollup-win32-x64-msvc@4.53.1", "", { "os": "win32", "cpu": "x64" }, "sha512-rLarc1Ofcs3DHtgSzFO31pZsCh8g05R2azN1q3fF+H423Co87My0R+tazOEvYVKXSLh8C4LerMK41/K7wlklcg=="],

    "@tauri-apps/api": ["@tauri-apps/api@2.9.0", "", {}, "sha512-qD5tMjh7utwBk9/5PrTA/aGr3i5QaJ/Mlt7p8NilQ45WgbifUNPyKWsA63iQ8YfQq6R8ajMapU+/Q8nMcPRLNw=="],

    "@tauri-apps/cli": ["@tauri-apps/cli@2.9.4", "", { "optionalDependencies": { "@tauri-apps/cli-darwin-arm64": "2.9.4", "@tauri-apps/cli-darwin-x64": "2.9.4", "@tauri-apps/cli-linux-arm-gnueabihf": "2.9.4", "@tauri-apps/cli-linux-arm64-gnu": "2.9.4", "@tauri-apps/cli-linux-arm64-musl": "2.9.4", "@tauri-apps/cli-linux-riscv64-gnu": "2.9.4", "@tauri-apps/cli-linux-x64-gnu": "2.9.4", "@tauri-apps/cli-linux-x64-musl": "2.9.4", "@tauri-apps/cli-win32-arm64-msvc": "2.9.4", "@tauri-apps/cli-win32-ia32-msvc": "2.9.4", "@tauri-apps/cli-win32-x64-msvc": "2.9.4" }, "bin": { "tauri": "tauri.js" } }, "sha512-pvylWC9QckrOS9ATWXIXcgu7g2hKK5xTL5ZQyZU/U0n9l88SEFGcWgLQNa8WZmd+wWIOWhkxOFcOl3i6ubDNNw=="],

    "@tauri-apps/cli-darwin-arm64": ["@tauri-apps/cli-darwin-arm64@2.9.4", "", { "os": "darwin", "cpu": "arm64" }, "sha512-9rHkMVtbMhe0AliVbrGpzMahOBg3rwV46JYRELxR9SN6iu1dvPOaMaiC4cP6M/aD1424ziXnnMdYU06RAH8oIw=="],

    "@tauri-apps/cli-darwin-x64": ["@tauri-apps/cli-darwin-x64@2.9.4", "", { "os": "darwin", "cpu": "x64" }, "sha512-VT9ymNuT06f5TLjCZW2hfSxbVtZDhORk7CDUDYiq5TiSYQdxkl8MVBy0CCFFcOk4QAkUmqmVUA9r3YZ/N/vPRQ=="],

    "@tauri-apps/cli-linux-arm-gnueabihf": ["@tauri-apps/cli-linux-arm-gnueabihf@2.9.4", "", { "os": "linux", "cpu": "arm" }, "sha512-tTWkEPig+2z3Rk0zqZYfjUYcgD+aSm72wdrIhdYobxbQZOBw0zfn50YtWv+av7bm0SHvv75f0l7JuwgZM1HFow=="],

    "@tauri-apps/cli-linux-arm64-gnu": ["@tauri-apps/cli-linux-arm64-gnu@2.9.4", "", { "os": "linux", "cpu": "arm64" }, "sha512-ql6vJ611qoqRYHxkKPnb2vHa27U+YRKRmIpLMMBeZnfFtZ938eao7402AQCH1mO2+/8ioUhbpy9R/ZcLTXVmkg=="],

    "@tauri-apps/cli-linux-arm64-musl": ["@tauri-apps/cli-linux-arm64-musl@2.9.4", "", { "os": "linux", "cpu": "arm64" }, "sha512-vg7yNn7ICTi6hRrcA/6ff2UpZQP7un3xe3SEld5QM0prgridbKAiXGaCKr3BnUBx/rGXegQlD/wiLcWdiiraSw=="],

    "@tauri-apps/cli-linux-riscv64-gnu": ["@tauri-apps/cli-linux-riscv64-gnu@2.9.4", "", { "os": "linux", "cpu": "none" }, "sha512-l8L+3VxNk6yv5T/Z/gv5ysngmIpsai40B9p6NQQyqYqxImqYX37pqREoEBl1YwG7szGnDibpWhidPrWKR59OJA=="],

    "@tauri-apps/cli-linux-x64-gnu": ["@tauri-apps/cli-linux-x64-gnu@2.9.4", "", { "os": "linux", "cpu": "x64" }, "sha512-PepPhCXc/xVvE3foykNho46OmCyx47E/aG676vKTVp+mqin5d+IBqDL6wDKiGNT5OTTxKEyNlCQ81Xs2BQhhqA=="],

    "@tauri-apps/cli-linux-x64-musl": ["@tauri-apps/cli-linux-x64-musl@2.9.4", "", { "os": "linux", "cpu": "x64" }, "sha512-zcd1QVffh5tZs1u1SCKUV/V7RRynebgYUNWHuV0FsIF1MjnULUChEXhAhug7usCDq4GZReMJOoXa6rukEozWIw=="],

    "@tauri-apps/cli-win32-arm64-msvc": ["@tauri-apps/cli-win32-arm64-msvc@2.9.4", "", { "os": "win32", "cpu": "arm64" }, "sha512-/7ZhnP6PY04bEob23q8MH/EoDISdmR1wuNm0k9d5HV7TDMd2GGCDa8dPXA4vJuglJKXIfXqxFmZ4L+J+MO42+w=="],

    "@tauri-apps/cli-win32-ia32-msvc": ["@tauri-apps/cli-win32-ia32-msvc@2.9.4", "", { "os": "win32", "cpu": "ia32" }, "sha512-1LmAfaC4Cq+3O1Ir1ksdhczhdtFSTIV51tbAGtbV/mr348O+M52A/xwCCXQank0OcdBxy5BctqkMtuZnQvA8uQ=="],

    "@tauri-apps/cli-win32-x64-msvc": ["@tauri-apps/cli-win32-x64-msvc@2.9.4", "", { "os": "win32", "cpu": "x64" }, "sha512-EdYd4c9wGvtPB95kqtEyY+bUR+k4kRw3IA30mAQ1jPH6z57AftT8q84qwv0RDp6kkEqOBKxeInKfqi4BESYuqg=="],

    "@types/estree": ["@types/estree@1.0.8", "", {}, "sha512-dWHzHa2WqEXI/O1E9OjrocMTKJl2mSrEolh1Iomrv6U+JuNwaHXsXx9bLu5gG7BUWFIN0skIQJQ/L1rIex4X6w=="],

    "estree-walker": ["estree-walker@2.0.2", "", {}, "sha512-Rfkk/Mp/DL7JVje3u18FxFujQlTNR2q6QfMSMB7AvCBx91NGj/ba3kCfza0f6dVDbw7YlRf/nDrn7pQrCCyQ/w=="],

    "fsevents": ["fsevents@2.3.3", "", { "os": "darwin" }, "sha512-5xoDfX+fL7faATnagmWPpbFtwh/R77WmMMqqHGS65C3vvB0YHrgF+B1YmZ3441tMj5n63k0212XNoJwzlhffQw=="],

    "function-bind": ["function-bind@1.1.2", "", {}, "sha512-7XHNxH7qX9xG5mIwxkhumTox/MIRNcOgDrxWsMt2pAr23WHp6MrRlN7FBSFpCpr+oVO0F744iUgR82nJMfG2SA=="],

    "hasown": ["hasown@2.0.2", "", { "dependencies": { "function-bind": "1.1.2" } }, "sha512-0hJU9SCPvmMzIBdZFqNPXWa6dqh7WdH0cII9y+CyS8rG3nL48Bclra9HmKhVVUHyPWNH5Y7xDwAB7bfgSjkUMQ=="],

    "is-core-module": ["is-core-module@2.16.1", "", { "dependencies": { "hasown": "2.0.2" } }, "sha512-UfoeMA6fIJ8wTYFEUjelnaGI67v6+N7qXJEvQuIGa99l4xsCruSYOVSQ0uPANn4dAzm8lkYPaKLrrijLq7x23w=="],

    "path-parse": ["path-parse@1.0.7", "", {}, "sha512-LDJzPVEEEPR+y48z93A0Ed0yXb8pAByGWo/k5YYdYgpY2/2EsOsksJrq7lOHxryrVOn1ejG6oAp8ahvOIQD8sw=="],

    "picomatch": ["picomatch@4.0.3", "", {}, "sha512-5gTmgEY/sqK6gFXLIsQNH19lWb4ebPDLA4SdLP7dsWkIXHWlG66oPuVvXSGFPppYZz8ZDZq0dYYrbHfBCVUb1Q=="],

    "prettier": ["prettier@3.6.2", "", { "bin": { "prettier": "bin/prettier.cjs" } }, "sha512-I7AIg5boAr5R0FFtJ6rCfD+LFsWHp81dolrFD8S79U9tb8Az2nGrJncnMSnys+bpQJfRUzqs9hnA81OAA3hCuQ=="],

    "resolve": ["resolve@1.22.11", "", { "dependencies": { "is-core-module": "2.16.1", "path-parse": "1.0.7", "supports-preserve-symlinks-flag": "1.0.0" }, "bin": { "resolve": "bin/resolve" } }, "sha512-RfqAvLnMl313r7c9oclB1HhUEAezcpLjz95wFH4LVuhk9JF/r22qmVP9AMmOU4vMX7Q8pN8jwNg/CSpdFnMjTQ=="],

    "rollup": ["rollup@4.53.1", "", { "dependencies": { "@types/estree": "1.0.8" }, "optionalDependencies": { "@rollup/rollup-android-arm-eabi": "4.53.1", "@rollup/rollup-android-arm64": "4.53.1", "@rollup/rollup-darwin-arm64": "4.53.1", "@rollup/rollup-darwin-x64": "4.53.1", "@rollup/rollup-freebsd-arm64": "4.53.1", "@rollup/rollup-freebsd-x64": "4.53.1", "@rollup/rollup-linux-arm-gnueabihf": "4.53.1", "@rollup/rollup-linux-arm-musleabihf": "4.53.1", "@rollup/rollup-linux-arm64-gnu": "4.53.1", "@rollup/rollup-linux-arm64-musl": "4.53.1", "@rollup/rollup-linux-loong64-gnu": "4.53.1", "@rollup/rollup-linux-ppc64-gnu": "4.53.1", "@rollup/rollup-linux-riscv64-gnu": "4.53.1", "@rollup/rollup-linux-riscv64-musl": "4.53.1", "@rollup/rollup-linux-s390x-gnu": "4.53.1", "@rollup/rollup-linux-x64-gnu": "4.53.1", "@rollup/rollup-linux-x64-musl": "4.53.1", "@rollup/rollup-openharmony-arm64": "4.53.1", "@rollup/rollup-win32-arm64-msvc": "4.53.1", "@rollup/rollup-win32-ia32-msvc": "4.53.1", "@rollup/rollup-win32-x64-gnu": "4.53.1", "@rollup/rollup-win32-x64-msvc": "4.53.1", "fsevents": "2.3.3" }, "bin": { "rollup": "dist/bin/rollup" } }, "sha512-n2I0V0lN3E9cxxMqBCT3opWOiQBzRN7UG60z/WDKqdX2zHUS/39lezBcsckZFsV6fUTSnfqI7kHf60jDAPGKug=="],

    "supports-preserve-symlinks-flag": ["supports-preserve-symlinks-flag@1.0.0", "", {}, "sha512-ot0WnXS9fgdkgIcePe6RHNk1WA8+muPa6cSjeR3V8K27q9BB1rTE3R1p7Hv0z1ZyAc8s6Vvv8DIyWf681MAt0w=="],

    "tslib": ["tslib@2.8.1", "", {}, "sha512-oJFu94HQb+KVduSUQL7wnpmqnfmLsOA/nAh6b6EH0wCEoK0/mPeXU6c3wKDV83MkOuHPRHtSXKKU99IBazS/2w=="],

    "typescript": ["typescript@5.9.3", "", { "bin": { "tsc": "bin/tsc", "tsserver": "bin/tsserver" } }, "sha512-jl1vZzPDinLr9eUt3J/t7V6FgNEw9QjvBPdysz9KfQDD41fQrC2Y4vKQdiaUpFT4bXlb1RHhLpp8wtm6M5TgSw=="],
  }
}
